// !$*UTF8*$!
{
	archiveVersion = 1;
	classes = {
	};
	objectVersion = 46;
	objects = {

/* Begin PBXBuildFile section */
		1414ABFF1B0F0EE800D41976 /* Default-568h@2x.png in Resources */ = {isa = PBXBuildFile; fileRef = 1414ABFD1B0F0EE800D41976 /* Default-568h@2x.png */; };
		1414AC001B0F0EE800D41976 /* Default@2x.png in Resources */ = {isa = PBXBuildFile; fileRef = 1414ABFE1B0F0EE800D41976 /* Default@2x.png */; };
		145F80041B048CC1005E4B04 /* AboutViewController.swift in Sources */ = {isa = PBXBuildFile; fileRef = 145F80031B048CC1005E4B04 /* AboutViewController.swift */; };
		146837341AF529180084D103 /* AppDelegate.swift in Sources */ = {isa = PBXBuildFile; fileRef = 146837331AF529180084D103 /* AppDelegate.swift */; };
		146837361AF529180084D103 /* ViewController.swift in Sources */ = {isa = PBXBuildFile; fileRef = 146837351AF529180084D103 /* ViewController.swift */; };
		1468373B1AF529180084D103 /* Images.xcassets in Resources */ = {isa = PBXBuildFile; fileRef = 1468373A1AF529180084D103 /* Images.xcassets */; };
		1468374A1AF529180084D103 /* BullsEyeTests.swift in Sources */ = {isa = PBXBuildFile; fileRef = 146837491AF529180084D103 /* BullsEyeTests.swift */; };
		14D6F6DE1B06EA3B00891D92 /* Main.storyboard in Resources */ = {isa = PBXBuildFile; fileRef = 146837371AF529180084D103 /* Main.storyboard */; };
		14E9AAC41B0B510D002C6F57 /* BullsEye.html in Resources */ = {isa = PBXBuildFile; fileRef = 14E9AAC31B0B510D002C6F57 /* BullsEye.html */; };
/* End PBXBuildFile section */

/* Begin PBXContainerItemProxy section */
		146837441AF529180084D103 /* PBXContainerItemProxy */ = {
			isa = PBXContainerItemProxy;
			containerPortal = 146837261AF529180084D103 /* Project object */;
			proxyType = 1;
			remoteGlobalIDString = 1468372D1AF529180084D103;
			remoteInfo = BullsEye;
		};
/* End PBXContainerItemProxy section */

/* Begin PBXFileReference section */
		1414ABFD1B0F0EE800D41976 /* Default-568h@2x.png */ = {isa = PBXFileReference; lastKnownFileType = image.png; path = "Default-568h@2x.png"; sourceTree = "<group>"; };
		1414ABFE1B0F0EE800D41976 /* Default@2x.png */ = {isa = PBXFileReference; lastKnownFileType = image.png; path = "Default@2x.png"; sourceTree = "<group>"; };
		145F80031B048CC1005E4B04 /* AboutViewController.swift */ = {isa = PBXFileReference; fileEncoding = 4; lastKnownFileType = sourcecode.swift; path = AboutViewController.swift; sourceTree = "<group>"; };
		1468372E1AF529180084D103 /* BullsEye.app */ = {isa = PBXFileReference; explicitFileType = wrapper.application; includeInIndex = 0; path = BullsEye.app; sourceTree = BUILT_PRODUCTS_DIR; };
		146837321AF529180084D103 /* Info.plist */ = {isa = PBXFileReference; lastKnownFileType = text.plist.xml; path = Info.plist; sourceTree = "<group>"; };
		146837331AF529180084D103 /* AppDelegate.swift */ = {isa = PBXFileReference; lastKnownFileType = sourcecode.swift; path = AppDelegate.swift; sourceTree = "<group>"; };
		146837351AF529180084D103 /* ViewController.swift */ = {isa = PBXFileReference; lastKnownFileType = sourcecode.swift; path = ViewController.swift; sourceTree = "<group>"; };
		146837381AF529180084D103 /* Base */ = {isa = PBXFileReference; lastKnownFileType = file.storyboard; name = Base; path = Base.lproj/Main.storyboard; sourceTree = "<group>"; };
		1468373A1AF529180084D103 /* Images.xcassets */ = {isa = PBXFileReference; lastKnownFileType = folder.assetcatalog; path = Images.xcassets; sourceTree = "<group>"; };
		146837431AF529180084D103 /* BullsEyeTests.xctest */ = {isa = PBXFileReference; explicitFileType = wrapper.cfbundle; includeInIndex = 0; path = BullsEyeTests.xctest; sourceTree = BUILT_PRODUCTS_DIR; };
		146837481AF529180084D103 /* Info.plist */ = {isa = PBXFileReference; lastKnownFileType = text.plist.xml; path = Info.plist; sourceTree = "<group>"; };
		146837491AF529180084D103 /* BullsEyeTests.swift */ = {isa = PBXFileReference; lastKnownFileType = sourcecode.swift; path = BullsEyeTests.swift; sourceTree = "<group>"; };
		14E9AAC31B0B510D002C6F57 /* BullsEye.html */ = {isa = PBXFileReference; fileEncoding = 4; lastKnownFileType = text.html; path = BullsEye.html; sourceTree = "<group>"; };
/* End PBXFileReference section */

/* Begin PBXFrameworksBuildPhase section */
		1468372B1AF529180084D103 /* Frameworks */ = {
			isa = PBXFrameworksBuildPhase;
			buildActionMask = 2147483647;
			files = (
			);
			runOnlyForDeploymentPostprocessing = 0;
		};
		146837401AF529180084D103 /* Frameworks */ = {
			isa = PBXFrameworksBuildPhase;
			buildActionMask = 2147483647;
			files = (
			);
			runOnlyForDeploymentPostprocessing = 0;
		};
/* End PBXFrameworksBuildPhase section */

/* Begin PBXGroup section */
		146837251AF529180084D103 = {
			isa = PBXGroup;
			children = (
				146837301AF529180084D103 /* BullsEye */,
				146837461AF529180084D103 /* BullsEyeTests */,
				1468372F1AF529180084D103 /* Products */,
			);
			sourceTree = "<group>";
		};
		1468372F1AF529180084D103 /* Products */ = {
			isa = PBXGroup;
			children = (
				1468372E1AF529180084D103 /* BullsEye.app */,
				146837431AF529180084D103 /* BullsEyeTests.xctest */,
			);
			name = Products;
			sourceTree = "<group>";
		};
		146837301AF529180084D103 /* BullsEye */ = {
			isa = PBXGroup;
			children = (
				1414ABFD1B0F0EE800D41976 /* Default-568h@2x.png */,
				1414ABFE1B0F0EE800D41976 /* Default@2x.png */,
				14E9AAC31B0B510D002C6F57 /* BullsEye.html */,
				146837331AF529180084D103 /* AppDelegate.swift */,
				146837351AF529180084D103 /* ViewController.swift */,
				145F80031B048CC1005E4B04 /* AboutViewController.swift */,
				146837371AF529180084D103 /* Main.storyboard */,
				1468373A1AF529180084D103 /* Images.xcassets */,
				146837311AF529180084D103 /* Supporting Files */,
			);
			path = BullsEye;
			sourceTree = "<group>";
		};
		146837311AF529180084D103 /* Supporting Files */ = {
			isa = PBXGroup;
			children = (
				146837321AF529180084D103 /* Info.plist */,
			);
			name = "Supporting Files";
			sourceTree = "<group>";
		};
		146837461AF529180084D103 /* BullsEyeTests */ = {
			isa = PBXGroup;
			children = (
				146837491AF529180084D103 /* BullsEyeTests.swift */,
				146837471AF529180084D103 /* Supporting Files */,
			);
			path = BullsEyeTests;
			sourceTree = "<group>";
		};
		146837471AF529180084D103 /* Supporting Files */ = {
			isa = PBXGroup;
			children = (
				146837481AF529180084D103 /* Info.plist */,
			);
			name = "Supporting Files";
			sourceTree = "<group>";
		};
/* End PBXGroup section */

/* Begin PBXNativeTarget section */
		1468372D1AF529180084D103 /* BullsEye */ = {
			isa = PBXNativeTarget;
			buildConfigurationList = 1468374D1AF529180084D103 /* Build configuration list for PBXNativeTarget "BullsEye" */;
			buildPhases = (
				1468372A1AF529180084D103 /* Sources */,
				1468372B1AF529180084D103 /* Frameworks */,
				1468372C1AF529180084D103 /* Resources */,
			);
			buildRules = (
			);
			dependencies = (
			);
			name = BullsEye;
			productName = BullsEye;
			productReference = 1468372E1AF529180084D103 /* BullsEye.app */;
			productType = "com.apple.product-type.application";
		};
		146837421AF529180084D103 /* BullsEyeTests */ = {
			isa = PBXNativeTarget;
			buildConfigurationList = 146837501AF529180084D103 /* Build configuration list for PBXNativeTarget "BullsEyeTests" */;
			buildPhases = (
				1468373F1AF529180084D103 /* Sources */,
				146837401AF529180084D103 /* Frameworks */,
				146837411AF529180084D103 /* Resources */,
			);
			buildRules = (
			);
			dependencies = (
				146837451AF529180084D103 /* PBXTargetDependency */,
			);
			name = BullsEyeTests;
			productName = BullsEyeTests;
			productReference = 146837431AF529180084D103 /* BullsEyeTests.xctest */;
			productType = "com.apple.product-type.bundle.unit-test";
		};
/* End PBXNativeTarget section */

/* Begin PBXProject section */
		146837261AF529180084D103 /* Project object */ = {
			isa = PBXProject;
			attributes = {
				LastSwiftMigration = 0700;
				LastSwiftUpdateCheck = 0700;
				LastUpgradeCheck = 0700;
				ORGANIZATIONNAME = s5s5;
				TargetAttributes = {
					1468372D1AF529180084D103 = {
						CreatedOnToolsVersion = 6.3;
						DevelopmentTeam = 45PP2DW74T;
					};
					146837421AF529180084D103 = {
						CreatedOnToolsVersion = 6.3;
						DevelopmentTeam = 45PP2DW74T;
						TestTargetID = 1468372D1AF529180084D103;
					};
				};
			};
			buildConfigurationList = 146837291AF529180084D103 /* Build configuration list for PBXProject "BullsEye" */;
			compatibilityVersion = "Xcode 3.2";
			developmentRegion = English;
			hasScannedForEncodings = 0;
			knownRegions = (
				en,
				Base,
			);
			mainGroup = 146837251AF529180084D103;
			productRefGroup = 1468372F1AF529180084D103 /* Products */;
			projectDirPath = "";
			projectRoot = "";
			targets = (
				1468372D1AF529180084D103 /* BullsEye */,
				146837421AF529180084D103 /* BullsEyeTests */,
			);
		};
/* End PBXProject section */

/* Begin PBXResourcesBuildPhase section */
		1468372C1AF529180084D103 /* Resources */ = {
			isa = PBXResourcesBuildPhase;
			buildActionMask = 2147483647;
			files = (
				14D6F6DE1B06EA3B00891D92 /* Main.storyboard in Resources */,
				1414ABFF1B0F0EE800D41976 /* Default-568h@2x.png in Resources */,
				1414AC001B0F0EE800D41976 /* Default@2x.png in Resources */,
				14E9AAC41B0B510D002C6F57 /* BullsEye.html in Resources */,
				1468373B1AF529180084D103 /* Images.xcassets in Resources */,
			);
			runOnlyForDeploymentPostprocessing = 0;
		};
		146837411AF529180084D103 /* Resources */ = {
			isa = PBXResourcesBuildPhase;
			buildActionMask = 2147483647;
			files = (
			);
			runOnlyForDeploymentPostprocessing = 0;
		};
/* End PBXResourcesBuildPhase section */

/* Begin PBXSourcesBuildPhase section */
		1468372A1AF529180084D103 /* Sources */ = {
			isa = PBXSourcesBuildPhase;
			buildActionMask = 2147483647;
			files = (
				145F80041B048CC1005E4B04 /* AboutViewController.swift in Sources */,
				146837361AF529180084D103 /* ViewController.swift in Sources */,
				146837341AF529180084D103 /* AppDelegate.swift in Sources */,
			);
			runOnlyForDeploymentPostprocessing = 0;
		};
		1468373F1AF529180084D103 /* Sources */ = {
			isa = PBXSourcesBuildPhase;
			buildActionMask = 2147483647;
			files = (
				1468374A1AF529180084D103 /* BullsEyeTests.swift in Sources */,
			);
			runOnlyForDeploymentPostprocessing = 0;
		};
/* End PBXSourcesBuildPhase section */

/* Begin PBXTargetDependency section */
		146837451AF529180084D103 /* PBXTargetDependency */ = {
			isa = PBXTargetDependency;
			target = 1468372D1AF529180084D103 /* BullsEye */;
			targetProxy = 146837441AF529180084D103 /* PBXContainerItemProxy */;
		};
/* End PBXTargetDependency section */

/* Begin PBXVariantGroup section */
		146837371AF529180084D103 /* Main.storyboard */ = {
			isa = PBXVariantGroup;
			children = (
				146837381AF529180084D103 /* Base */,
			);
			name = Main.storyboard;
			sourceTree = "<group>";
		};
/* End PBXVariantGroup section */

/* Begin XCBuildConfiguration section */
		1468374B1AF529180084D103 /* Debug */ = {
			isa = XCBuildConfiguration;
			buildSettings = {
				ALWAYS_SEARCH_USER_PATHS = NO;
				CLANG_CXX_LANGUAGE_STANDARD = "gnu++0x";
				CLANG_CXX_LIBRARY = "libc++";
				CLANG_ENABLE_MODULES = YES;
				CLANG_ENABLE_OBJC_ARC = YES;
				CLANG_WARN_BOOL_CONVERSION = YES;
				CLANG_WARN_CONSTANT_CONVERSION = YES;
				CLANG_WARN_DIRECT_OBJC_ISA_USAGE = YES_ERROR;
				CLANG_WARN_EMPTY_BODY = YES;
				CLANG_WARN_ENUM_CONVERSION = YES;
				CLANG_WARN_INT_CONVERSION = YES;
				CLANG_WARN_OBJC_ROOT_CLASS = YES_ERROR;
				CLANG_WARN_UNREACHABLE_CODE = YES;
				CLANG_WARN__DUPLICATE_METHOD_MATCH = YES;
				CODE_SIGN_IDENTITY = "iPhone Distribution: Xiaochao Liu (45PP2DW74T)";
				"CODE_SIGN_IDENTITY[sdk=iphoneos*]" = "iPhone Distribution: Xiaochao Liu (45PP2DW74T)";
				COPY_PHASE_STRIP = NO;
				DEBUG_INFORMATION_FORMAT = "dwarf-with-dsym";
				ENABLE_STRICT_OBJC_MSGSEND = YES;
				ENABLE_TESTABILITY = YES;
				GCC_C_LANGUAGE_STANDARD = gnu99;
				GCC_DYNAMIC_NO_PIC = NO;
				GCC_NO_COMMON_BLOCKS = YES;
				GCC_OPTIMIZATION_LEVEL = 0;
				GCC_PREPROCESSOR_DEFINITIONS = (
					"DEBUG=1",
					"$(inherited)",
				);
				GCC_SYMBOLS_PRIVATE_EXTERN = NO;
				GCC_WARN_64_TO_32_BIT_CONVERSION = YES;
				GCC_WARN_ABOUT_RETURN_TYPE = YES_ERROR;
				GCC_WARN_UNDECLARED_SELECTOR = YES;
				GCC_WARN_UNINITIALIZED_AUTOS = YES_AGGRESSIVE;
				GCC_WARN_UNUSED_FUNCTION = YES;
				GCC_WARN_UNUSED_VARIABLE = YES;
				IPHONEOS_DEPLOYMENT_TARGET = 9.0;
				MTL_ENABLE_DEBUG_INFO = YES;
				ONLY_ACTIVE_ARCH = YES;
				PROVISIONING_PROFILE = "22a73626-97e2-426e-8f93-d9a4b0dba718";
				SDKROOT = iphoneos;
				SWIFT_OPTIMIZATION_LEVEL = "-Onone";
			};
			name = Debug;
		};
		1468374C1AF529180084D103 /* Release */ = {
			isa = XCBuildConfiguration;
			buildSettings = {
				ALWAYS_SEARCH_USER_PATHS = NO;
				CLANG_CXX_LANGUAGE_STANDARD = "gnu++0x";
				CLANG_CXX_LIBRARY = "libc++";
				CLANG_ENABLE_MODULES = YES;
				CLANG_ENABLE_OBJC_ARC = YES;
				CLANG_WARN_BOOL_CONVERSION = YES;
				CLANG_WARN_CONSTANT_CONVERSION = YES;
				CLANG_WARN_DIRECT_OBJC_ISA_USAGE = YES_ERROR;
				CLANG_WARN_EMPTY_BODY = YES;
				CLANG_WARN_ENUM_CONVERSION = YES;
				CLANG_WARN_INT_CONVERSION = YES;
				CLANG_WARN_OBJC_ROOT_CLASS = YES_ERROR;
				CLANG_WARN_UNREACHABLE_CODE = YES;
				CLANG_WARN__DUPLICATE_METHOD_MATCH = YES;
				CODE_SIGN_IDENTITY = "iPhone Distribution: Xiaochao Liu (45PP2DW74T)";
				"CODE_SIGN_IDENTITY[sdk=iphoneos*]" = "iPhone Distribution: Xiaochao Liu (45PP2DW74T)";
				COPY_PHASE_STRIP = NO;
				DEBUG_INFORMATION_FORMAT = "dwarf-with-dsym";
				ENABLE_NS_ASSERTIONS = NO;
				ENABLE_STRICT_OBJC_MSGSEND = YES;
				GCC_C_LANGUAGE_STANDARD = gnu99;
				GCC_NO_COMMON_BLOCKS = YES;
				GCC_WARN_64_TO_32_BIT_CONVERSION = YES;
				GCC_WARN_ABOUT_RETURN_TYPE = YES_ERROR;
				GCC_WARN_UNDECLARED_SELECTOR = YES;
				GCC_WARN_UNINITIALIZED_AUTOS = YES_AGGRESSIVE;
				GCC_WARN_UNUSED_FUNCTION = YES;
				GCC_WARN_UNUSED_VARIABLE = YES;
				IPHONEOS_DEPLOYMENT_TARGET = 9.0;
				MTL_ENABLE_DEBUG_INFO = NO;
				PROVISIONING_PROFILE = "22a73626-97e2-426e-8f93-d9a4b0dba718";
				SDKROOT = iphoneos;
				VALIDATE_PRODUCT = YES;
			};
			name = Release;
		};
		1468374E1AF529180084D103 /* Debug */ = {
			isa = XCBuildConfiguration;
			buildSettings = {
				ASSETCATALOG_COMPILER_APPICON_NAME = AppIcon;
				CODE_SIGN_IDENTITY = "iPhone Distribution: Xiaochao Liu (45PP2DW74T)";
				INFOPLIST_FILE = BullsEye/Info.plist;
				LD_RUNPATH_SEARCH_PATHS = "$(inherited) @executable_path/Frameworks";
				PRODUCT_BUNDLE_IDENTIFIER = "com.misuisui.$(PRODUCT_NAME:rfc1034identifier)";
				PRODUCT_NAME = "$(TARGET_NAME)";
				PROVISIONING_PROFILE = "22a73626-97e2-426e-8f93-d9a4b0dba718";
			};
			name = Debug;
		};
		1468374F1AF529180084D103 /* Release */ = {
			isa = XCBuildConfiguration;
			buildSettings = {
				ASSETCATALOG_COMPILER_APPICON_NAME = AppIcon;
				CODE_SIGN_IDENTITY = "iPhone Distribution: Xiaochao Liu (45PP2DW74T)";
				INFOPLIST_FILE = BullsEye/Info.plist;
				LD_RUNPATH_SEARCH_PATHS = "$(inherited) @executable_path/Frameworks";
				PRODUCT_BUNDLE_IDENTIFIER = "com.misuisui.$(PRODUCT_NAME:rfc1034identifier)";
				PRODUCT_NAME = "$(TARGET_NAME)";
				PROVISIONING_PROFILE = "22a73626-97e2-426e-8f93-d9a4b0dba718";
			};
			name = Release;
		};
		146837511AF529180084D103 /* Debug */ = {
			isa = XCBuildConfiguration;
			buildSettings = {
				BUNDLE_LOADER = "$(TEST_HOST)";
				CODE_SIGN_IDENTITY = "iPhone Developer";
				"CODE_SIGN_IDENTITY[sdk=iphoneos*]" = "iPhone Developer";
				FRAMEWORK_SEARCH_PATHS = (
					"$(SDKROOT)/Developer/Library/Frameworks",
					"$(inherited)",
				);
				GCC_PREPROCESSOR_DEFINITIONS = (
					"DEBUG=1",
					"$(inherited)",
				);
				INFOPLIST_FILE = BullsEyeTests/Info.plist;
				LD_RUNPATH_SEARCH_PATHS = "$(inherited) @executable_path/Frameworks @loader_path/Frameworks";
				PRODUCT_BUNDLE_IDENTIFIER = "com.misuisui.$(PRODUCT_NAME:rfc1034identifier)";
				PRODUCT_NAME = "$(TARGET_NAME)";
				PROVISIONING_PROFILE = "";
				TEST_HOST = "$(BUILT_PRODUCTS_DIR)/BullsEye.app/BullsEye";
			};
			name = Debug;
		};
		146837521AF529180084D103 /* Release */ = {
			isa = XCBuildConfiguration;
			buildSettings = {
				BUNDLE_LOADER = "$(TEST_HOST)";
				CODE_SIGN_IDENTITY = "iPhone Developer";
				"CODE_SIGN_IDENTITY[sdk=iphoneos*]" = "iPhone Developer";
				FRAMEWORK_SEARCH_PATHS = (
					"$(SDKROOT)/Developer/Library/Frameworks",
					"$(inherited)",
				);
				INFOPLIST_FILE = BullsEyeTests/Info.plist;
				LD_RUNPATH_SEARCH_PATHS = "$(inherited) @executable_path/Frameworks @loader_path/Frameworks";
				PRODUCT_BUNDLE_IDENTIFIER = "com.misuisui.$(PRODUCT_NAME:rfc1034identifier)";
				PRODUCT_NAME = "$(TARGET_NAME)";
				PROVISIONING_PROFILE = "";
				TEST_HOST = "$(BUILT_PRODUCTS_DIR)/BullsEye.app/BullsEye";
			};
			name = Release;
		};
/* End XCBuildConfiguration section */

/* Begin XCConfigurationList section */
		146837291AF529180084D103 /* Build configuration list for PBXProject "BullsEye" */ = {
			isa = XCConfigurationList;
			buildConfigurations = (
				1468374B1AF529180084D103 /* Debug */,
				1468374C1AF529180084D103 /* Release */,
			);
			defaultConfigurationIsVisible = 0;
			defaultConfigurationName = Release;
		};
		1468374D1AF529180084D103 /* Build configuration list for PBXNativeTarget "BullsEye" */ = {
			isa = XCConfigurationList;
			buildConfigurations = (
				1468374E1AF529180084D103 /* Debug */,
				1468374F1AF529180084D103 /* Release */,
			);
			defaultConfigurationIsVisible = 0;
			defaultConfigurationName = Release;
		};
		146837501AF529180084D103 /* Build configuration list for PBXNativeTarget "BullsEyeTests" */ = {
			isa = XCConfigurationList;
			buildConfigurations = (
				146837511AF529180084D103 /* Debug */,
				146837521AF529180084D103 /* Release */,
			);
			defaultConfigurationIsVisible = 0;
			defaultConfigurationName = Release;
		};
/* End XCConfigurationList section */
	};
	rootObject = 146837261AF529180084D103 /* Project object */;
}
